{
  "requires": true,
  "lockfileVersion": 1,
  "dependencies": {
    "leaflet": {
      "version": "1.7.1",
      "resolved": "https://registry.npmjs.org/leaflet/-/leaflet-1.7.1.tgz",
      "integrity": "sha512-/xwPEBidtg69Q3HlqPdU3DnrXQOvQU/CCHA1tcDQVzOwm91YMYaILjNp7L4Eaw5Z4sOYdbBz6koWyibppd8Zqw=="
    },
    "leaflet-drift-marker": {
      "version": "2.0.0",
      "resolved": "https://registry.npmjs.org/leaflet-drift-marker/-/leaflet-drift-marker-2.0.0.tgz",
      "integrity": "sha512-dmYMW5A/rpNA2YGnakMzhhQNGJADjJG1L6THa/UKMYZ/CI3podhmsCaWCNh0/DnqcxRaSCR/8JBp+iimNx7lEQ=="
    },
    "leaflet-easybutton": {
      "version": "2.4.0",
      "resolved": "https://registry.npmjs.org/leaflet-easybutton/-/leaflet-easybutton-2.4.0.tgz",
      "integrity": "sha512-O+qsQq4zTF6ds8VClnytobTH/MKalctlPpiA8L+bNKHP14J3lgJpvEd/jSpq9mHTI6qOzRAvbQX6wS6qNwThvg==",
      "requires": {
        "leaflet": "^1.0.1"
      }
    }
  }
}
