{
  "requires": true,
  "lockfileVersion": 1,
  "dependencies": {
    "leaflet": {
      "version": "1.7.1",
      "resolved": "https://registry.npmjs.org/leaflet/-/leaflet-1.7.1.tgz",
      "integrity": "sha512-/xwPEBidtg69Q3HlqPdU3DnrXQOvQU/CCHA1tcDQVzOwm91YMYaILjNp7L4Eaw5Z4sOYdbBz6koWyibppd8Zqw=="
    },
    "leaflet-easybutton": {
      "version": "2.4.0",
      "resolved": "https://registry.npmjs.org/leaflet-easybutton/-/leaflet-easybutton-2.4.0.tgz",
      "integrity": "sha512-O+qsQq4zTF6ds8VClnytobTH/MKalctlPpiA8L+bNKHP14J3lgJpvEd/jSpq9mHTI6qOzRAvbQX6wS6qNwThvg==",
      "requires": {
        "leaflet": "^1.0.1"
      }
    },
    "leaflet.locatecontrol": {
      "version": "0.74.0",
      "resolved": "https://registry.npmjs.org/leaflet.locatecontrol/-/leaflet.locatecontrol-0.74.0.tgz",
      "integrity": "sha512-Rs4u2ZH9SeEB4IBLhBT3yPWaN81CtFq4XWT6gTCZeqVOImMJKpwqkVn9FKxge9Z5JFBRJHFFquYEdwR3mxgHxg=="
    },
    "leaflet.marker.slideto": {
      "version": "0.2.0",
      "resolved": "https://registry.npmjs.org/leaflet.marker.slideto/-/leaflet.marker.slideto-0.2.0.tgz",
      "integrity": "sha1-AZGnE0yFq1fR3Y7+/JCrvlKYiOk="
    }
  }
}
